
Microsoft Visual Studio Solution File, Format Version 11.00
# Visual Studio 2010
Project("{FAE04EC0-301F-11D3-BF4B-00C04F79EFBC}") = "1.PrintName", "1.PrintName\1.PrintName.csproj", "{0B1FDDD3-B83D-4F1B-8118-22C0E9CF14AC}"
EndProject
Project("{FAE04EC0-301F-11D3-BF4B-00C04F79EFBC}") = "TestPrintName", "TestMethods\TestPrintName.csproj", "{E5A78B49-67FC-489E-A097-B03955460FC0}"
EndProject
Project("{2150E333-8FDC-42A3-9474-1A3956D46DE8}") = "Solution Items", "Solution Items", "{7D99E1C4-AC2F-4EB6-9820-BF9DC1302309}"
	ProjectSection(SolutionItems) = preProject
		Local.testsettings = Local.testsettings
		MethodsHomework.vsmdi = MethodsHomework.vsmdi
		TraceAndTestImpact.testsettings = TraceAndTestImpact.testsettings
	EndProjectSection
EndProject
Project("{FAE04EC0-301F-11D3-BF4B-00C04F79EFBC}") = "2.GetMax", "2.GetMax\2.GetMax.csproj", "{D5545565-7E80-4F85-AD3C-22B8859E9E75}"
EndProject
Project("{FAE04EC0-301F-11D3-BF4B-00C04F79EFBC}") = "3.NumInEnglishWord", "3.NumInEnglishWord\3.NumInEnglishWord.csproj", "{5DACB703-0864-4E3A-A73D-7B3C3628F05D}"
EndProject
Project("{FAE04EC0-301F-11D3-BF4B-00C04F79EFBC}") = "4.CountsOfSameNum", "4.CountsOfSameNum\4.CountsOfSameNum.csproj", "{FDBB34AF-5E2B-4FC2-8287-42AD72D1AFC1}"
EndProject
Project("{FAE04EC0-301F-11D3-BF4B-00C04F79EFBC}") = "TestCountOfSameNum", "TestCountOfSameNum\TestCountOfSameNum.csproj", "{D1099BE6-5127-4C01-ADAD-F0FE24464429}"
EndProject
Project("{FAE04EC0-301F-11D3-BF4B-00C04F79EFBC}") = "5.CheckNeighbours", "5.CheckNeighbours\5.CheckNeighbours.csproj", "{274D8ADC-18CB-4502-AC6F-6FBB18FA809D}"
EndProject
Project("{FAE04EC0-301F-11D3-BF4B-00C04F79EFBC}") = "6.CheckNeighbours2", "6.CheckNeighbours2\6.CheckNeighbours2.csproj", "{15F3A4EC-6409-43D5-B7FC-DB3E11BB51C5}"
EndProject
Project("{FAE04EC0-301F-11D3-BF4B-00C04F79EFBC}") = "7.ReversesTheDigits", "7.ReversesTheDigits\7.ReversesTheDigits.csproj", "{A3600931-A77F-40D3-98D9-7731315C2B2B}"
EndProject
Project("{FAE04EC0-301F-11D3-BF4B-00C04F79EFBC}") = "8.AddDigitOfArays", "8.AddDigitOfArays\8.AddDigitOfArays.csproj", "{AB87F8C0-02B2-4D7A-B393-C695A871A519}"
EndProject
Project("{FAE04EC0-301F-11D3-BF4B-00C04F79EFBC}") = "9.MaxElementInPortionOfArray", "9.MaxElementInPortionOfArray\9.MaxElementInPortionOfArray.csproj", "{0B286412-D524-488E-B422-B80CA9FC6B91}"
EndProject
Global
	GlobalSection(TestCaseManagementSettings) = postSolution
		CategoryFile = MethodsHomework.vsmdi
	EndGlobalSection
	GlobalSection(SolutionConfigurationPlatforms) = preSolution
		Debug|Any CPU = Debug|Any CPU
		Debug|Mixed Platforms = Debug|Mixed Platforms
		Debug|x86 = Debug|x86
		Release|Any CPU = Release|Any CPU
		Release|Mixed Platforms = Release|Mixed Platforms
		Release|x86 = Release|x86
	EndGlobalSection
	GlobalSection(ProjectConfigurationPlatforms) = postSolution
		{0B1FDDD3-B83D-4F1B-8118-22C0E9CF14AC}.Debug|Any CPU.ActiveCfg = Debug|x86
		{0B1FDDD3-B83D-4F1B-8118-22C0E9CF14AC}.Debug|Mixed Platforms.ActiveCfg = Debug|x86
		{0B1FDDD3-B83D-4F1B-8118-22C0E9CF14AC}.Debug|Mixed Platforms.Build.0 = Debug|x86
		{0B1FDDD3-B83D-4F1B-8118-22C0E9CF14AC}.Debug|x86.ActiveCfg = Debug|x86
		{0B1FDDD3-B83D-4F1B-8118-22C0E9CF14AC}.Debug|x86.Build.0 = Debug|x86
		{0B1FDDD3-B83D-4F1B-8118-22C0E9CF14AC}.Release|Any CPU.ActiveCfg = Release|x86
		{0B1FDDD3-B83D-4F1B-8118-22C0E9CF14AC}.Release|Mixed Platforms.ActiveCfg = Release|x86
		{0B1FDDD3-B83D-4F1B-8118-22C0E9CF14AC}.Release|Mixed Platforms.Build.0 = Release|x86
		{0B1FDDD3-B83D-4F1B-8118-22C0E9CF14AC}.Release|x86.ActiveCfg = Release|x86
		{0B1FDDD3-B83D-4F1B-8118-22C0E9CF14AC}.Release|x86.Build.0 = Release|x86
		{E5A78B49-67FC-489E-A097-B03955460FC0}.Debug|Any CPU.ActiveCfg = Debug|Any CPU
		{E5A78B49-67FC-489E-A097-B03955460FC0}.Debug|Any CPU.Build.0 = Debug|Any CPU
		{E5A78B49-67FC-489E-A097-B03955460FC0}.Debug|Mixed Platforms.ActiveCfg = Debug|Any CPU
		{E5A78B49-67FC-489E-A097-B03955460FC0}.Debug|Mixed Platforms.Build.0 = Debug|Any CPU
		{E5A78B49-67FC-489E-A097-B03955460FC0}.Debug|x86.ActiveCfg = Debug|Any CPU
		{E5A78B49-67FC-489E-A097-B03955460FC0}.Release|Any CPU.ActiveCfg = Release|Any CPU
		{E5A78B49-67FC-489E-A097-B03955460FC0}.Release|Any CPU.Build.0 = Release|Any CPU
		{E5A78B49-67FC-489E-A097-B03955460FC0}.Release|Mixed Platforms.ActiveCfg = Release|Any CPU
		{E5A78B49-67FC-489E-A097-B03955460FC0}.Release|Mixed Platforms.Build.0 = Release|Any CPU
		{E5A78B49-67FC-489E-A097-B03955460FC0}.Release|x86.ActiveCfg = Release|Any CPU
		{D5545565-7E80-4F85-AD3C-22B8859E9E75}.Debug|Any CPU.ActiveCfg = Debug|x86
		{D5545565-7E80-4F85-AD3C-22B8859E9E75}.Debug|Mixed Platforms.ActiveCfg = Debug|x86
		{D5545565-7E80-4F85-AD3C-22B8859E9E75}.Debug|Mixed Platforms.Build.0 = Debug|x86
		{D5545565-7E80-4F85-AD3C-22B8859E9E75}.Debug|x86.ActiveCfg = Debug|x86
		{D5545565-7E80-4F85-AD3C-22B8859E9E75}.Debug|x86.Build.0 = Debug|x86
		{D5545565-7E80-4F85-AD3C-22B8859E9E75}.Release|Any CPU.ActiveCfg = Release|x86
		{D5545565-7E80-4F85-AD3C-22B8859E9E75}.Release|Mixed Platforms.ActiveCfg = Release|x86
		{D5545565-7E80-4F85-AD3C-22B8859E9E75}.Release|Mixed Platforms.Build.0 = Release|x86
		{D5545565-7E80-4F85-AD3C-22B8859E9E75}.Release|x86.ActiveCfg = Release|x86
		{D5545565-7E80-4F85-AD3C-22B8859E9E75}.Release|x86.Build.0 = Release|x86
		{5DACB703-0864-4E3A-A73D-7B3C3628F05D}.Debug|Any CPU.ActiveCfg = Debug|x86
		{5DACB703-0864-4E3A-A73D-7B3C3628F05D}.Debug|Mixed Platforms.ActiveCfg = Debug|x86
		{5DACB703-0864-4E3A-A73D-7B3C3628F05D}.Debug|Mixed Platforms.Build.0 = Debug|x86
		{5DACB703-0864-4E3A-A73D-7B3C3628F05D}.Debug|x86.ActiveCfg = Debug|x86
		{5DACB703-0864-4E3A-A73D-7B3C3628F05D}.Debug|x86.Build.0 = Debug|x86
		{5DACB703-0864-4E3A-A73D-7B3C3628F05D}.Release|Any CPU.ActiveCfg = Release|x86
		{5DACB703-0864-4E3A-A73D-7B3C3628F05D}.Release|Mixed Platforms.ActiveCfg = Release|x86
		{5DACB703-0864-4E3A-A73D-7B3C3628F05D}.Release|Mixed Platforms.Build.0 = Release|x86
		{5DACB703-0864-4E3A-A73D-7B3C3628F05D}.Release|x86.ActiveCfg = Release|x86
		{5DACB703-0864-4E3A-A73D-7B3C3628F05D}.Release|x86.Build.0 = Release|x86
		{FDBB34AF-5E2B-4FC2-8287-42AD72D1AFC1}.Debug|Any CPU.ActiveCfg = Debug|x86
		{FDBB34AF-5E2B-4FC2-8287-42AD72D1AFC1}.Debug|Mixed Platforms.ActiveCfg = Debug|x86
		{FDBB34AF-5E2B-4FC2-8287-42AD72D1AFC1}.Debug|Mixed Platforms.Build.0 = Debug|x86
		{FDBB34AF-5E2B-4FC2-8287-42AD72D1AFC1}.Debug|x86.ActiveCfg = Debug|x86
		{FDBB34AF-5E2B-4FC2-8287-42AD72D1AFC1}.Debug|x86.Build.0 = Debug|x86
		{FDBB34AF-5E2B-4FC2-8287-42AD72D1AFC1}.Release|Any CPU.ActiveCfg = Release|x86
		{FDBB34AF-5E2B-4FC2-8287-42AD72D1AFC1}.Release|Mixed Platforms.ActiveCfg = Release|x86
		{FDBB34AF-5E2B-4FC2-8287-42AD72D1AFC1}.Release|Mixed Platforms.Build.0 = Release|x86
		{FDBB34AF-5E2B-4FC2-8287-42AD72D1AFC1}.Release|x86.ActiveCfg = Release|x86
		{FDBB34AF-5E2B-4FC2-8287-42AD72D1AFC1}.Release|x86.Build.0 = Release|x86
		{D1099BE6-5127-4C01-ADAD-F0FE24464429}.Debug|Any CPU.ActiveCfg = Debug|Any CPU
		{D1099BE6-5127-4C01-ADAD-F0FE24464429}.Debug|Any CPU.Build.0 = Debug|Any CPU
		{D1099BE6-5127-4C01-ADAD-F0FE24464429}.Debug|Mixed Platforms.ActiveCfg = Debug|Any CPU
		{D1099BE6-5127-4C01-ADAD-F0FE24464429}.Debug|Mixed Platforms.Build.0 = Debug|Any CPU
		{D1099BE6-5127-4C01-ADAD-F0FE24464429}.Debug|x86.ActiveCfg = Debug|Any CPU
		{D1099BE6-5127-4C01-ADAD-F0FE24464429}.Release|Any CPU.ActiveCfg = Release|Any CPU
		{D1099BE6-5127-4C01-ADAD-F0FE24464429}.Release|Any CPU.Build.0 = Release|Any CPU
		{D1099BE6-5127-4C01-ADAD-F0FE24464429}.Release|Mixed Platforms.ActiveCfg = Release|Any CPU
		{D1099BE6-5127-4C01-ADAD-F0FE24464429}.Release|Mixed Platforms.Build.0 = Release|Any CPU
		{D1099BE6-5127-4C01-ADAD-F0FE24464429}.Release|x86.ActiveCfg = Release|Any CPU
		{274D8ADC-18CB-4502-AC6F-6FBB18FA809D}.Debug|Any CPU.ActiveCfg = Debug|x86
		{274D8ADC-18CB-4502-AC6F-6FBB18FA809D}.Debug|Mixed Platforms.ActiveCfg = Debug|x86
		{274D8ADC-18CB-4502-AC6F-6FBB18FA809D}.Debug|Mixed Platforms.Build.0 = Debug|x86
		{274D8ADC-18CB-4502-AC6F-6FBB18FA809D}.Debug|x86.ActiveCfg = Debug|x86
		{274D8ADC-18CB-4502-AC6F-6FBB18FA809D}.Debug|x86.Build.0 = Debug|x86
		{274D8ADC-18CB-4502-AC6F-6FBB18FA809D}.Release|Any CPU.ActiveCfg = Release|x86
		{274D8ADC-18CB-4502-AC6F-6FBB18FA809D}.Release|Mixed Platforms.ActiveCfg = Release|x86
		{274D8ADC-18CB-4502-AC6F-6FBB18FA809D}.Release|Mixed Platforms.Build.0 = Release|x86
		{274D8ADC-18CB-4502-AC6F-6FBB18FA809D}.Release|x86.ActiveCfg = Release|x86
		{274D8ADC-18CB-4502-AC6F-6FBB18FA809D}.Release|x86.Build.0 = Release|x86
		{15F3A4EC-6409-43D5-B7FC-DB3E11BB51C5}.Debug|Any CPU.ActiveCfg = Debug|x86
		{15F3A4EC-6409-43D5-B7FC-DB3E11BB51C5}.Debug|Mixed Platforms.ActiveCfg = Debug|x86
		{15F3A4EC-6409-43D5-B7FC-DB3E11BB51C5}.Debug|Mixed Platforms.Build.0 = Debug|x86
		{15F3A4EC-6409-43D5-B7FC-DB3E11BB51C5}.Debug|x86.ActiveCfg = Debug|x86
		{15F3A4EC-6409-43D5-B7FC-DB3E11BB51C5}.Debug|x86.Build.0 = Debug|x86
		{15F3A4EC-6409-43D5-B7FC-DB3E11BB51C5}.Release|Any CPU.ActiveCfg = Release|x86
		{15F3A4EC-6409-43D5-B7FC-DB3E11BB51C5}.Release|Mixed Platforms.ActiveCfg = Release|x86
		{15F3A4EC-6409-43D5-B7FC-DB3E11BB51C5}.Release|Mixed Platforms.Build.0 = Release|x86
		{15F3A4EC-6409-43D5-B7FC-DB3E11BB51C5}.Release|x86.ActiveCfg = Release|x86
		{15F3A4EC-6409-43D5-B7FC-DB3E11BB51C5}.Release|x86.Build.0 = Release|x86
		{A3600931-A77F-40D3-98D9-7731315C2B2B}.Debug|Any CPU.ActiveCfg = Debug|x86
		{A3600931-A77F-40D3-98D9-7731315C2B2B}.Debug|Mixed Platforms.ActiveCfg = Debug|x86
		{A3600931-A77F-40D3-98D9-7731315C2B2B}.Debug|Mixed Platforms.Build.0 = Debug|x86
		{A3600931-A77F-40D3-98D9-7731315C2B2B}.Debug|x86.ActiveCfg = Debug|x86
		{A3600931-A77F-40D3-98D9-7731315C2B2B}.Debug|x86.Build.0 = Debug|x86
		{A3600931-A77F-40D3-98D9-7731315C2B2B}.Release|Any CPU.ActiveCfg = Release|x86
		{A3600931-A77F-40D3-98D9-7731315C2B2B}.Release|Mixed Platforms.ActiveCfg = Release|x86
		{A3600931-A77F-40D3-98D9-7731315C2B2B}.Release|Mixed Platforms.Build.0 = Release|x86
		{A3600931-A77F-40D3-98D9-7731315C2B2B}.Release|x86.ActiveCfg = Release|x86
		{A3600931-A77F-40D3-98D9-7731315C2B2B}.Release|x86.Build.0 = Release|x86
		{AB87F8C0-02B2-4D7A-B393-C695A871A519}.Debug|Any CPU.ActiveCfg = Debug|x86
		{AB87F8C0-02B2-4D7A-B393-C695A871A519}.Debug|Mixed Platforms.ActiveCfg = Debug|x86
		{AB87F8C0-02B2-4D7A-B393-C695A871A519}.Debug|Mixed Platforms.Build.0 = Debug|x86
		{AB87F8C0-02B2-4D7A-B393-C695A871A519}.Debug|x86.ActiveCfg = Debug|x86
		{AB87F8C0-02B2-4D7A-B393-C695A871A519}.Debug|x86.Build.0 = Debug|x86
		{AB87F8C0-02B2-4D7A-B393-C695A871A519}.Release|Any CPU.ActiveCfg = Release|x86
		{AB87F8C0-02B2-4D7A-B393-C695A871A519}.Release|Mixed Platforms.ActiveCfg = Release|x86
		{AB87F8C0-02B2-4D7A-B393-C695A871A519}.Release|Mixed Platforms.Build.0 = Release|x86
		{AB87F8C0-02B2-4D7A-B393-C695A871A519}.Release|x86.ActiveCfg = Release|x86
		{AB87F8C0-02B2-4D7A-B393-C695A871A519}.Release|x86.Build.0 = Release|x86
		{0B286412-D524-488E-B422-B80CA9FC6B91}.Debug|Any CPU.ActiveCfg = Debug|x86
		{0B286412-D524-488E-B422-B80CA9FC6B91}.Debug|Mixed Platforms.ActiveCfg = Debug|x86
		{0B286412-D524-488E-B422-B80CA9FC6B91}.Debug|Mixed Platforms.Build.0 = Debug|x86
		{0B286412-D524-488E-B422-B80CA9FC6B91}.Debug|x86.ActiveCfg = Debug|x86
		{0B286412-D524-488E-B422-B80CA9FC6B91}.Debug|x86.Build.0 = Debug|x86
		{0B286412-D524-488E-B422-B80CA9FC6B91}.Release|Any CPU.ActiveCfg = Release|x86
		{0B286412-D524-488E-B422-B80CA9FC6B91}.Release|Mixed Platforms.ActiveCfg = Release|x86
		{0B286412-D524-488E-B422-B80CA9FC6B91}.Release|Mixed Platforms.Build.0 = Release|x86
		{0B286412-D524-488E-B422-B80CA9FC6B91}.Release|x86.ActiveCfg = Release|x86
		{0B286412-D524-488E-B422-B80CA9FC6B91}.Release|x86.Build.0 = Release|x86
	EndGlobalSection
	GlobalSection(SolutionProperties) = preSolution
		HideSolutionNode = FALSE
	EndGlobalSection
EndGlobal
