
Microsoft Visual Studio Solution File, Format Version 11.00
# Visual Studio 2010
Project("{FAE04EC0-301F-11D3-BF4B-00C04F79EFBC}") = "1.Array1", "1.Array1\1.Array1.csproj", "{9E9229D9-CB4C-4B21-8138-474666B460F9}"
EndProject
Project("{FAE04EC0-301F-11D3-BF4B-00C04F79EFBC}") = "2.CompareArrays", "2.CompareArrays\2.CompareArrays.csproj", "{EFFDC183-8EF9-4662-A79B-AAAC6A81942E}"
EndProject
Project("{FAE04EC0-301F-11D3-BF4B-00C04F79EFBC}") = "3.TwoCharArrays", "3.TwoCharArrays\3.TwoCharArrays.csproj", "{BC0D3BB3-63EC-4745-8E63-4DA5BB5CB1B0}"
EndProject
Project("{FAE04EC0-301F-11D3-BF4B-00C04F79EFBC}") = "4.MaximalSequence", "4.MaximalSequence\4.MaximalSequence.csproj", "{34075D23-E021-4110-900C-C28511DFB24B}"
EndProject
Project("{FAE04EC0-301F-11D3-BF4B-00C04F79EFBC}") = "5.MaximalIncreasingSequence", "5.MaximalIncreasingSequence\5.MaximalIncreasingSequence.csproj", "{B6EB685E-8B48-4871-9F21-D31469358EBF}"
EndProject
Project("{FAE04EC0-301F-11D3-BF4B-00C04F79EFBC}") = "test", "test\test.csproj", "{BB69B6CD-13FC-401A-B557-821AE6AE7C2F}"
EndProject
Project("{FAE04EC0-301F-11D3-BF4B-00C04F79EFBC}") = "6.IntNKArray", "6.IntNKArray\6.IntNKArray.csproj", "{9ABA48DE-FABC-40EA-A319-0C47A4D821F3}"
EndProject
Project("{FAE04EC0-301F-11D3-BF4B-00C04F79EFBC}") = "7.SortingArray", "7.SortingArray\7.SortingArray.csproj", "{DC01F7CC-5CB7-4950-83D0-93D866ED05B4}"
EndProject
Project("{FAE04EC0-301F-11D3-BF4B-00C04F79EFBC}") = "8.SequenceOfMaximalSum", "8.SequenceOfMaximalSum\8.SequenceOfMaximalSum.csproj", "{D5CC38A4-583A-4C6F-9817-FBEDB4E12D3D}"
EndProject
Project("{FAE04EC0-301F-11D3-BF4B-00C04F79EFBC}") = "9.MostFrequentNumber", "9.MostFrequentNumber\9.MostFrequentNumber.csproj", "{9F8CE4EA-DADA-4FC0-B70B-A1187122F5EC}"
EndProject
Project("{FAE04EC0-301F-11D3-BF4B-00C04F79EFBC}") = "10.ArraysOfGivenSum", "10.ArraysOfGivenSum\10.ArraysOfGivenSum.csproj", "{14A41202-BD1E-4F2C-BFE9-3D035AE42658}"
EndProject
Project("{FAE04EC0-301F-11D3-BF4B-00C04F79EFBC}") = "11.BinarySearch", "12.BinarySearch\11.BinarySearch.csproj", "{0E4B2AAF-D462-46B5-B675-341200DBFEBA}"
EndProject
Global
	GlobalSection(SolutionConfigurationPlatforms) = preSolution
		Debug|x86 = Debug|x86
		Release|x86 = Release|x86
	EndGlobalSection
	GlobalSection(ProjectConfigurationPlatforms) = postSolution
		{9E9229D9-CB4C-4B21-8138-474666B460F9}.Debug|x86.ActiveCfg = Debug|x86
		{9E9229D9-CB4C-4B21-8138-474666B460F9}.Debug|x86.Build.0 = Debug|x86
		{9E9229D9-CB4C-4B21-8138-474666B460F9}.Release|x86.ActiveCfg = Release|x86
		{9E9229D9-CB4C-4B21-8138-474666B460F9}.Release|x86.Build.0 = Release|x86
		{EFFDC183-8EF9-4662-A79B-AAAC6A81942E}.Debug|x86.ActiveCfg = Debug|x86
		{EFFDC183-8EF9-4662-A79B-AAAC6A81942E}.Debug|x86.Build.0 = Debug|x86
		{EFFDC183-8EF9-4662-A79B-AAAC6A81942E}.Release|x86.ActiveCfg = Release|x86
		{EFFDC183-8EF9-4662-A79B-AAAC6A81942E}.Release|x86.Build.0 = Release|x86
		{BC0D3BB3-63EC-4745-8E63-4DA5BB5CB1B0}.Debug|x86.ActiveCfg = Debug|x86
		{BC0D3BB3-63EC-4745-8E63-4DA5BB5CB1B0}.Debug|x86.Build.0 = Debug|x86
		{BC0D3BB3-63EC-4745-8E63-4DA5BB5CB1B0}.Release|x86.ActiveCfg = Release|x86
		{BC0D3BB3-63EC-4745-8E63-4DA5BB5CB1B0}.Release|x86.Build.0 = Release|x86
		{34075D23-E021-4110-900C-C28511DFB24B}.Debug|x86.ActiveCfg = Debug|x86
		{34075D23-E021-4110-900C-C28511DFB24B}.Debug|x86.Build.0 = Debug|x86
		{34075D23-E021-4110-900C-C28511DFB24B}.Release|x86.ActiveCfg = Release|x86
		{34075D23-E021-4110-900C-C28511DFB24B}.Release|x86.Build.0 = Release|x86
		{B6EB685E-8B48-4871-9F21-D31469358EBF}.Debug|x86.ActiveCfg = Debug|x86
		{B6EB685E-8B48-4871-9F21-D31469358EBF}.Debug|x86.Build.0 = Debug|x86
		{B6EB685E-8B48-4871-9F21-D31469358EBF}.Release|x86.ActiveCfg = Release|x86
		{B6EB685E-8B48-4871-9F21-D31469358EBF}.Release|x86.Build.0 = Release|x86
		{BB69B6CD-13FC-401A-B557-821AE6AE7C2F}.Debug|x86.ActiveCfg = Debug|x86
		{BB69B6CD-13FC-401A-B557-821AE6AE7C2F}.Debug|x86.Build.0 = Debug|x86
		{BB69B6CD-13FC-401A-B557-821AE6AE7C2F}.Release|x86.ActiveCfg = Release|x86
		{BB69B6CD-13FC-401A-B557-821AE6AE7C2F}.Release|x86.Build.0 = Release|x86
		{9ABA48DE-FABC-40EA-A319-0C47A4D821F3}.Debug|x86.ActiveCfg = Debug|x86
		{9ABA48DE-FABC-40EA-A319-0C47A4D821F3}.Debug|x86.Build.0 = Debug|x86
		{9ABA48DE-FABC-40EA-A319-0C47A4D821F3}.Release|x86.ActiveCfg = Release|x86
		{9ABA48DE-FABC-40EA-A319-0C47A4D821F3}.Release|x86.Build.0 = Release|x86
		{DC01F7CC-5CB7-4950-83D0-93D866ED05B4}.Debug|x86.ActiveCfg = Debug|x86
		{DC01F7CC-5CB7-4950-83D0-93D866ED05B4}.Debug|x86.Build.0 = Debug|x86
		{DC01F7CC-5CB7-4950-83D0-93D866ED05B4}.Release|x86.ActiveCfg = Release|x86
		{DC01F7CC-5CB7-4950-83D0-93D866ED05B4}.Release|x86.Build.0 = Release|x86
		{D5CC38A4-583A-4C6F-9817-FBEDB4E12D3D}.Debug|x86.ActiveCfg = Debug|x86
		{D5CC38A4-583A-4C6F-9817-FBEDB4E12D3D}.Debug|x86.Build.0 = Debug|x86
		{D5CC38A4-583A-4C6F-9817-FBEDB4E12D3D}.Release|x86.ActiveCfg = Release|x86
		{D5CC38A4-583A-4C6F-9817-FBEDB4E12D3D}.Release|x86.Build.0 = Release|x86
		{9F8CE4EA-DADA-4FC0-B70B-A1187122F5EC}.Debug|x86.ActiveCfg = Debug|x86
		{9F8CE4EA-DADA-4FC0-B70B-A1187122F5EC}.Debug|x86.Build.0 = Debug|x86
		{9F8CE4EA-DADA-4FC0-B70B-A1187122F5EC}.Release|x86.ActiveCfg = Release|x86
		{9F8CE4EA-DADA-4FC0-B70B-A1187122F5EC}.Release|x86.Build.0 = Release|x86
		{14A41202-BD1E-4F2C-BFE9-3D035AE42658}.Debug|x86.ActiveCfg = Debug|x86
		{14A41202-BD1E-4F2C-BFE9-3D035AE42658}.Debug|x86.Build.0 = Debug|x86
		{14A41202-BD1E-4F2C-BFE9-3D035AE42658}.Release|x86.ActiveCfg = Release|x86
		{14A41202-BD1E-4F2C-BFE9-3D035AE42658}.Release|x86.Build.0 = Release|x86
		{0E4B2AAF-D462-46B5-B675-341200DBFEBA}.Debug|x86.ActiveCfg = Debug|x86
		{0E4B2AAF-D462-46B5-B675-341200DBFEBA}.Debug|x86.Build.0 = Debug|x86
		{0E4B2AAF-D462-46B5-B675-341200DBFEBA}.Release|x86.ActiveCfg = Release|x86
		{0E4B2AAF-D462-46B5-B675-341200DBFEBA}.Release|x86.Build.0 = Release|x86
	EndGlobalSection
	GlobalSection(SolutionProperties) = preSolution
		HideSolutionNode = FALSE
	EndGlobalSection
EndGlobal
