
Microsoft Visual Studio Solution File, Format Version 11.00
# Visual Studio 2010
Project("{FAE04EC0-301F-11D3-BF4B-00C04F79EFBC}") = "3.TheBiggestNum", "3.TheBiggestNum\3.TheBiggestNum.csproj", "{C7E43AAF-2B6F-40B0-BA4F-CF5D9055133D}"
EndProject
Project("{FAE04EC0-301F-11D3-BF4B-00C04F79EFBC}") = "4.DescendingOrder", "4.DescendingOrder\4.DescendingOrder.csproj", "{B91C70BC-4B95-4131-81AB-2021C88E670C}"
EndProject
Project("{FAE04EC0-301F-11D3-BF4B-00C04F79EFBC}") = "5.NameOfDigit", "5.NameOfDigit\5.NameOfDigit.csproj", "{53ABAC1C-1533-46F3-BDCC-352CC06C7C7E}"
EndProject
Project("{FAE04EC0-301F-11D3-BF4B-00C04F79EFBC}") = "6.QuadraticEquation", "6.QuadraticEquation\6.QuadraticEquation.csproj", "{5543F6F3-4C27-483E-A3BB-9DE2289F8BE4}"
EndProject
Project("{FAE04EC0-301F-11D3-BF4B-00C04F79EFBC}") = "7.GreatestVariables", "7.GreatestVariables\7.GreatestVariables.csproj", "{D0DB268D-A83C-460A-B670-F1FB93113F2B}"
EndProject
Project("{FAE04EC0-301F-11D3-BF4B-00C04F79EFBC}") = "1.GreaterInt", "1.GreaterInt\1.GreaterInt.csproj", "{262432C6-98A2-4D68-B8ED-2C30CB74A4B7}"
EndProject
Project("{FAE04EC0-301F-11D3-BF4B-00C04F79EFBC}") = "2.TheSignOfProduct", "2.TheSignOfProduct\2.TheSignOfProduct.csproj", "{BA4AB62A-EFDC-446F-AB01-A3D6AD1A3E10}"
EndProject
Project("{FAE04EC0-301F-11D3-BF4B-00C04F79EFBC}") = "8.IntDoubleString", "8.IntDoubleString\8.IntDoubleString.csproj", "{D72F4124-6C84-48F1-8BC4-FCCA74BC595E}"
EndProject
Project("{FAE04EC0-301F-11D3-BF4B-00C04F79EFBC}") = "9.SumZero", "9.SumZero\9.SumZero.csproj", "{DA164BAF-5601-4655-AA9F-2D00774EAC54}"
EndProject
Project("{FAE04EC0-301F-11D3-BF4B-00C04F79EFBC}") = "10.BonusScores", "10.BonusScores\10.BonusScores.csproj", "{1C035FC4-FF99-47F0-8EEC-AC2138B2ED19}"
EndProject
Global
	GlobalSection(SolutionConfigurationPlatforms) = preSolution
		Debug|x86 = Debug|x86
		Release|x86 = Release|x86
	EndGlobalSection
	GlobalSection(ProjectConfigurationPlatforms) = postSolution
		{C7E43AAF-2B6F-40B0-BA4F-CF5D9055133D}.Debug|x86.ActiveCfg = Debug|x86
		{C7E43AAF-2B6F-40B0-BA4F-CF5D9055133D}.Debug|x86.Build.0 = Debug|x86
		{C7E43AAF-2B6F-40B0-BA4F-CF5D9055133D}.Release|x86.ActiveCfg = Release|x86
		{C7E43AAF-2B6F-40B0-BA4F-CF5D9055133D}.Release|x86.Build.0 = Release|x86
		{B91C70BC-4B95-4131-81AB-2021C88E670C}.Debug|x86.ActiveCfg = Debug|x86
		{B91C70BC-4B95-4131-81AB-2021C88E670C}.Debug|x86.Build.0 = Debug|x86
		{B91C70BC-4B95-4131-81AB-2021C88E670C}.Release|x86.ActiveCfg = Release|x86
		{B91C70BC-4B95-4131-81AB-2021C88E670C}.Release|x86.Build.0 = Release|x86
		{53ABAC1C-1533-46F3-BDCC-352CC06C7C7E}.Debug|x86.ActiveCfg = Debug|x86
		{53ABAC1C-1533-46F3-BDCC-352CC06C7C7E}.Debug|x86.Build.0 = Debug|x86
		{53ABAC1C-1533-46F3-BDCC-352CC06C7C7E}.Release|x86.ActiveCfg = Release|x86
		{53ABAC1C-1533-46F3-BDCC-352CC06C7C7E}.Release|x86.Build.0 = Release|x86
		{5543F6F3-4C27-483E-A3BB-9DE2289F8BE4}.Debug|x86.ActiveCfg = Debug|x86
		{5543F6F3-4C27-483E-A3BB-9DE2289F8BE4}.Debug|x86.Build.0 = Debug|x86
		{5543F6F3-4C27-483E-A3BB-9DE2289F8BE4}.Release|x86.ActiveCfg = Release|x86
		{5543F6F3-4C27-483E-A3BB-9DE2289F8BE4}.Release|x86.Build.0 = Release|x86
		{D0DB268D-A83C-460A-B670-F1FB93113F2B}.Debug|x86.ActiveCfg = Debug|x86
		{D0DB268D-A83C-460A-B670-F1FB93113F2B}.Debug|x86.Build.0 = Debug|x86
		{D0DB268D-A83C-460A-B670-F1FB93113F2B}.Release|x86.ActiveCfg = Release|x86
		{D0DB268D-A83C-460A-B670-F1FB93113F2B}.Release|x86.Build.0 = Release|x86
		{262432C6-98A2-4D68-B8ED-2C30CB74A4B7}.Debug|x86.ActiveCfg = Debug|x86
		{262432C6-98A2-4D68-B8ED-2C30CB74A4B7}.Debug|x86.Build.0 = Debug|x86
		{262432C6-98A2-4D68-B8ED-2C30CB74A4B7}.Release|x86.ActiveCfg = Release|x86
		{262432C6-98A2-4D68-B8ED-2C30CB74A4B7}.Release|x86.Build.0 = Release|x86
		{BA4AB62A-EFDC-446F-AB01-A3D6AD1A3E10}.Debug|x86.ActiveCfg = Debug|x86
		{BA4AB62A-EFDC-446F-AB01-A3D6AD1A3E10}.Debug|x86.Build.0 = Debug|x86
		{BA4AB62A-EFDC-446F-AB01-A3D6AD1A3E10}.Release|x86.ActiveCfg = Release|x86
		{BA4AB62A-EFDC-446F-AB01-A3D6AD1A3E10}.Release|x86.Build.0 = Release|x86
		{D72F4124-6C84-48F1-8BC4-FCCA74BC595E}.Debug|x86.ActiveCfg = Debug|x86
		{D72F4124-6C84-48F1-8BC4-FCCA74BC595E}.Debug|x86.Build.0 = Debug|x86
		{D72F4124-6C84-48F1-8BC4-FCCA74BC595E}.Release|x86.ActiveCfg = Release|x86
		{D72F4124-6C84-48F1-8BC4-FCCA74BC595E}.Release|x86.Build.0 = Release|x86
		{DA164BAF-5601-4655-AA9F-2D00774EAC54}.Debug|x86.ActiveCfg = Debug|x86
		{DA164BAF-5601-4655-AA9F-2D00774EAC54}.Debug|x86.Build.0 = Debug|x86
		{DA164BAF-5601-4655-AA9F-2D00774EAC54}.Release|x86.ActiveCfg = Release|x86
		{DA164BAF-5601-4655-AA9F-2D00774EAC54}.Release|x86.Build.0 = Release|x86
		{1C035FC4-FF99-47F0-8EEC-AC2138B2ED19}.Debug|x86.ActiveCfg = Debug|x86
		{1C035FC4-FF99-47F0-8EEC-AC2138B2ED19}.Debug|x86.Build.0 = Debug|x86
		{1C035FC4-FF99-47F0-8EEC-AC2138B2ED19}.Release|x86.ActiveCfg = Release|x86
		{1C035FC4-FF99-47F0-8EEC-AC2138B2ED19}.Release|x86.Build.0 = Release|x86
	EndGlobalSection
	GlobalSection(SolutionProperties) = preSolution
		HideSolutionNode = FALSE
	EndGlobalSection
EndGlobal
