
Microsoft Visual Studio Solution File, Format Version 11.00
# Visual Studio 2010
Project("{FAE04EC0-301F-11D3-BF4B-00C04F79EFBC}") = "1.Loop1toN", "1.Loop1toN\1.Loop1toN.csproj", "{0D9C59B8-909F-461B-8B4D-03C86293B4A4}"
EndProject
Project("{FAE04EC0-301F-11D3-BF4B-00C04F79EFBC}") = "2.NestedLoop", "2.NestedLoop\2.NestedLoop.csproj", "{71BB11F2-A804-4F0C-AC52-98DAABBE71BC}"
EndProject
Project("{FAE04EC0-301F-11D3-BF4B-00C04F79EFBC}") = "3.MinMaxOfNumbers", "3.MinMaxOfNumbers\3.MinMaxOfNumbers.csproj", "{AD7C6E95-B1CD-4AAB-BF51-A12B56F64CFB}"
EndProject
Project("{FAE04EC0-301F-11D3-BF4B-00C04F79EFBC}") = "4.N!K!", "4.N!K!\4.N!K!.csproj", "{24C0F950-A268-466B-9184-A40BB17DAFF4}"
EndProject
Project("{FAE04EC0-301F-11D3-BF4B-00C04F79EFBC}") = "5.МultiplicationOfN!K!", "5.МultiplicationOfN!K!\5.МultiplicationOfN!K!.csproj", "{1873E3DA-FBB2-405A-8091-04030503180A}"
EndProject
Project("{FAE04EC0-301F-11D3-BF4B-00C04F79EFBC}") = "6.SumOfNX", "6.SumOfNX\6.SumOfNX.csproj", "{51C0A0C9-E507-4F8E-A676-9B3A0FD9414F}"
EndProject
Project("{FAE04EC0-301F-11D3-BF4B-00C04F79EFBC}") = "7.SequenceOfFibonacci", "7.SequenceOfFibonacci\7.SequenceOfFibonacci.csproj", "{317250C5-281F-4F00-8A38-7666CBA30D2D}"
EndProject
Project("{FAE04EC0-301F-11D3-BF4B-00C04F79EFBC}") = "8.GCD", "8.GCD\8.GCD.csproj", "{B4A12A61-825A-4B52-A0D3-6DD1B367A50B}"
EndProject
Project("{FAE04EC0-301F-11D3-BF4B-00C04F79EFBC}") = "9.ТheCatalanNumbers", "9.ТheCatalanNumbers\9.ТheCatalanNumbers.csproj", "{8538A7D0-6F1C-4405-B249-0DA8E8026932}"
EndProject
Project("{FAE04EC0-301F-11D3-BF4B-00C04F79EFBC}") = "10.CatalanNumbers2", "10.CatalanNumber2\10.CatalanNumbers2.csproj", "{3C1DE76D-3745-4C4D-8778-EBE6DD1042FA}"
EndProject
Project("{FAE04EC0-301F-11D3-BF4B-00C04F79EFBC}") = "11.NamesOfCards", "12.NamesOfCards\11.NamesOfCards.csproj", "{019D3408-C3B3-488D-A5C7-0D325B7887E2}"
EndProject
Project("{FAE04EC0-301F-11D3-BF4B-00C04F79EFBC}") = "12.MatrixOfNumbers", "12.MatrixOfNumbers\12.MatrixOfNumbers.csproj", "{8C17F24B-A580-4590-AB87-16EF27B192E2}"
EndProject
Global
	GlobalSection(SolutionConfigurationPlatforms) = preSolution
		Debug|x86 = Debug|x86
		Release|x86 = Release|x86
	EndGlobalSection
	GlobalSection(ProjectConfigurationPlatforms) = postSolution
		{0D9C59B8-909F-461B-8B4D-03C86293B4A4}.Debug|x86.ActiveCfg = Debug|x86
		{0D9C59B8-909F-461B-8B4D-03C86293B4A4}.Debug|x86.Build.0 = Debug|x86
		{0D9C59B8-909F-461B-8B4D-03C86293B4A4}.Release|x86.ActiveCfg = Release|x86
		{0D9C59B8-909F-461B-8B4D-03C86293B4A4}.Release|x86.Build.0 = Release|x86
		{71BB11F2-A804-4F0C-AC52-98DAABBE71BC}.Debug|x86.ActiveCfg = Debug|x86
		{71BB11F2-A804-4F0C-AC52-98DAABBE71BC}.Debug|x86.Build.0 = Debug|x86
		{71BB11F2-A804-4F0C-AC52-98DAABBE71BC}.Release|x86.ActiveCfg = Release|x86
		{71BB11F2-A804-4F0C-AC52-98DAABBE71BC}.Release|x86.Build.0 = Release|x86
		{AD7C6E95-B1CD-4AAB-BF51-A12B56F64CFB}.Debug|x86.ActiveCfg = Debug|x86
		{AD7C6E95-B1CD-4AAB-BF51-A12B56F64CFB}.Debug|x86.Build.0 = Debug|x86
		{AD7C6E95-B1CD-4AAB-BF51-A12B56F64CFB}.Release|x86.ActiveCfg = Release|x86
		{AD7C6E95-B1CD-4AAB-BF51-A12B56F64CFB}.Release|x86.Build.0 = Release|x86
		{24C0F950-A268-466B-9184-A40BB17DAFF4}.Debug|x86.ActiveCfg = Debug|x86
		{24C0F950-A268-466B-9184-A40BB17DAFF4}.Debug|x86.Build.0 = Debug|x86
		{24C0F950-A268-466B-9184-A40BB17DAFF4}.Release|x86.ActiveCfg = Release|x86
		{24C0F950-A268-466B-9184-A40BB17DAFF4}.Release|x86.Build.0 = Release|x86
		{1873E3DA-FBB2-405A-8091-04030503180A}.Debug|x86.ActiveCfg = Debug|x86
		{1873E3DA-FBB2-405A-8091-04030503180A}.Debug|x86.Build.0 = Debug|x86
		{1873E3DA-FBB2-405A-8091-04030503180A}.Release|x86.ActiveCfg = Release|x86
		{1873E3DA-FBB2-405A-8091-04030503180A}.Release|x86.Build.0 = Release|x86
		{51C0A0C9-E507-4F8E-A676-9B3A0FD9414F}.Debug|x86.ActiveCfg = Debug|x86
		{51C0A0C9-E507-4F8E-A676-9B3A0FD9414F}.Debug|x86.Build.0 = Debug|x86
		{51C0A0C9-E507-4F8E-A676-9B3A0FD9414F}.Release|x86.ActiveCfg = Release|x86
		{51C0A0C9-E507-4F8E-A676-9B3A0FD9414F}.Release|x86.Build.0 = Release|x86
		{317250C5-281F-4F00-8A38-7666CBA30D2D}.Debug|x86.ActiveCfg = Debug|x86
		{317250C5-281F-4F00-8A38-7666CBA30D2D}.Debug|x86.Build.0 = Debug|x86
		{317250C5-281F-4F00-8A38-7666CBA30D2D}.Release|x86.ActiveCfg = Release|x86
		{317250C5-281F-4F00-8A38-7666CBA30D2D}.Release|x86.Build.0 = Release|x86
		{B4A12A61-825A-4B52-A0D3-6DD1B367A50B}.Debug|x86.ActiveCfg = Debug|x86
		{B4A12A61-825A-4B52-A0D3-6DD1B367A50B}.Debug|x86.Build.0 = Debug|x86
		{B4A12A61-825A-4B52-A0D3-6DD1B367A50B}.Release|x86.ActiveCfg = Release|x86
		{B4A12A61-825A-4B52-A0D3-6DD1B367A50B}.Release|x86.Build.0 = Release|x86
		{8538A7D0-6F1C-4405-B249-0DA8E8026932}.Debug|x86.ActiveCfg = Debug|x86
		{8538A7D0-6F1C-4405-B249-0DA8E8026932}.Debug|x86.Build.0 = Debug|x86
		{8538A7D0-6F1C-4405-B249-0DA8E8026932}.Release|x86.ActiveCfg = Release|x86
		{8538A7D0-6F1C-4405-B249-0DA8E8026932}.Release|x86.Build.0 = Release|x86
		{3C1DE76D-3745-4C4D-8778-EBE6DD1042FA}.Debug|x86.ActiveCfg = Debug|x86
		{3C1DE76D-3745-4C4D-8778-EBE6DD1042FA}.Debug|x86.Build.0 = Debug|x86
		{3C1DE76D-3745-4C4D-8778-EBE6DD1042FA}.Release|x86.ActiveCfg = Release|x86
		{3C1DE76D-3745-4C4D-8778-EBE6DD1042FA}.Release|x86.Build.0 = Release|x86
		{019D3408-C3B3-488D-A5C7-0D325B7887E2}.Debug|x86.ActiveCfg = Debug|x86
		{019D3408-C3B3-488D-A5C7-0D325B7887E2}.Debug|x86.Build.0 = Debug|x86
		{019D3408-C3B3-488D-A5C7-0D325B7887E2}.Release|x86.ActiveCfg = Release|x86
		{019D3408-C3B3-488D-A5C7-0D325B7887E2}.Release|x86.Build.0 = Release|x86
		{8C17F24B-A580-4590-AB87-16EF27B192E2}.Debug|x86.ActiveCfg = Debug|x86
		{8C17F24B-A580-4590-AB87-16EF27B192E2}.Debug|x86.Build.0 = Debug|x86
		{8C17F24B-A580-4590-AB87-16EF27B192E2}.Release|x86.ActiveCfg = Release|x86
		{8C17F24B-A580-4590-AB87-16EF27B192E2}.Release|x86.Build.0 = Release|x86
	EndGlobalSection
	GlobalSection(SolutionProperties) = preSolution
		HideSolutionNode = FALSE
	EndGlobalSection
EndGlobal
