
Microsoft Visual Studio Solution File, Format Version 11.00
# Visual Studio 2010
Project("{FAE04EC0-301F-11D3-BF4B-00C04F79EFBC}") = "1.MarixArrayFill", "1.MarixArrayFill\1.MarixArrayFill.csproj", "{1F647A05-C90E-4701-9967-9A57C8A3ECC1}"
EndProject
Project("{FAE04EC0-301F-11D3-BF4B-00C04F79EFBC}") = "2.RectangularMatrix", "2.RectangularMatrix\2.RectangularMatrix.csproj", "{A53DC157-9FB7-40A5-AAB6-CACE091C6FF0}"
EndProject
Project("{FAE04EC0-301F-11D3-BF4B-00C04F79EFBC}") = "3.TheLongestSequenceInMatrix", "3.TheLongestSequenceInMatrix\3.TheLongestSequenceInMatrix.csproj", "{E1024E6C-86BF-4567-8887-E8E42226CAAB}"
EndProject
Project("{FAE04EC0-301F-11D3-BF4B-00C04F79EFBC}") = "4.TheLargestNumberInArray", "4.TheLargestNumberInMatrix\4.TheLargestNumberInArray.csproj", "{09F96196-8F5D-402E-8703-5FE1CC90828E}"
EndProject
Project("{FAE04EC0-301F-11D3-BF4B-00C04F79EFBC}") = "5.StringSort", "5.StringSort\5.StringSort.csproj", "{20D9D428-8945-4EC7-A209-B73DB747AD42}"
EndProject
Global
	GlobalSection(SolutionConfigurationPlatforms) = preSolution
		Debug|x86 = Debug|x86
		Release|x86 = Release|x86
	EndGlobalSection
	GlobalSection(ProjectConfigurationPlatforms) = postSolution
		{1F647A05-C90E-4701-9967-9A57C8A3ECC1}.Debug|x86.ActiveCfg = Debug|x86
		{1F647A05-C90E-4701-9967-9A57C8A3ECC1}.Debug|x86.Build.0 = Debug|x86
		{1F647A05-C90E-4701-9967-9A57C8A3ECC1}.Release|x86.ActiveCfg = Release|x86
		{1F647A05-C90E-4701-9967-9A57C8A3ECC1}.Release|x86.Build.0 = Release|x86
		{A53DC157-9FB7-40A5-AAB6-CACE091C6FF0}.Debug|x86.ActiveCfg = Debug|x86
		{A53DC157-9FB7-40A5-AAB6-CACE091C6FF0}.Debug|x86.Build.0 = Debug|x86
		{A53DC157-9FB7-40A5-AAB6-CACE091C6FF0}.Release|x86.ActiveCfg = Release|x86
		{A53DC157-9FB7-40A5-AAB6-CACE091C6FF0}.Release|x86.Build.0 = Release|x86
		{E1024E6C-86BF-4567-8887-E8E42226CAAB}.Debug|x86.ActiveCfg = Debug|x86
		{E1024E6C-86BF-4567-8887-E8E42226CAAB}.Debug|x86.Build.0 = Debug|x86
		{E1024E6C-86BF-4567-8887-E8E42226CAAB}.Release|x86.ActiveCfg = Release|x86
		{E1024E6C-86BF-4567-8887-E8E42226CAAB}.Release|x86.Build.0 = Release|x86
		{09F96196-8F5D-402E-8703-5FE1CC90828E}.Debug|x86.ActiveCfg = Debug|x86
		{09F96196-8F5D-402E-8703-5FE1CC90828E}.Debug|x86.Build.0 = Debug|x86
		{09F96196-8F5D-402E-8703-5FE1CC90828E}.Release|x86.ActiveCfg = Release|x86
		{09F96196-8F5D-402E-8703-5FE1CC90828E}.Release|x86.Build.0 = Release|x86
		{20D9D428-8945-4EC7-A209-B73DB747AD42}.Debug|x86.ActiveCfg = Debug|x86
		{20D9D428-8945-4EC7-A209-B73DB747AD42}.Debug|x86.Build.0 = Debug|x86
		{20D9D428-8945-4EC7-A209-B73DB747AD42}.Release|x86.ActiveCfg = Release|x86
		{20D9D428-8945-4EC7-A209-B73DB747AD42}.Release|x86.Build.0 = Release|x86
	EndGlobalSection
	GlobalSection(SolutionProperties) = preSolution
		HideSolutionNode = FALSE
	EndGlobalSection
EndGlobal
