
Microsoft Visual Studio Solution File, Format Version 11.00
# Visual Studio 2010
Project("{FAE04EC0-301F-11D3-BF4B-00C04F79EFBC}") = "1.ReadsAndPrintsOddLine", "1.ReadsAndPrintsTextFile\1.ReadsAndPrintsOddLine.csproj", "{B2E8144D-C86D-4F03-8B5D-9A36A4CE05E5}"
EndProject
Project("{FAE04EC0-301F-11D3-BF4B-00C04F79EFBC}") = "2.ConcatenateTwoTextFiles", "2.ConcatenateTwoTextFiles\2.ConcatenateTwoTextFiles.csproj", "{2ADFD463-59DE-4A5B-91F4-2BBCC98DBE49}"
EndProject
Project("{FAE04EC0-301F-11D3-BF4B-00C04F79EFBC}") = "3.InsertsLineNumbersInFront", "3.InsertsLineNumbersInFront\3.InsertsLineNumbersInFront.csproj", "{8F8B81CF-6132-4C54-884B-7A084E4265DC}"
EndProject
Project("{FAE04EC0-301F-11D3-BF4B-00C04F79EFBC}") = "4.CompareTwoTextFiles", "4.CompareTwoTextFiles\4.CompareTwoTextFiles.csproj", "{F97CD8CD-9640-486C-8C52-0AA84E73080B}"
EndProject
Project("{FAE04EC0-301F-11D3-BF4B-00C04F79EFBC}") = "5.ReadsFileWithMatrixAndFoundMaxSum", "5.ReadsFileWithMatrixAndFoundMaxSum\5.ReadsFileWithMatrixAndFoundMaxSum.csproj", "{48A5A74F-CE12-4C63-9420-72C8FADECDB8}"
EndProject
Project("{FAE04EC0-301F-11D3-BF4B-00C04F79EFBC}") = "6.SortListOfStrings", "6.SortListOfStrings\6.SortListOfStrings.csproj", "{B59D8EA0-F7BF-43B8-9748-A179D1B2C8F8}"
EndProject
Project("{FAE04EC0-301F-11D3-BF4B-00C04F79EFBC}") = "7.ProgramThatReplacesWords", "7.ProgramThatReplacesWords\7.ProgramThatReplacesWords.csproj", "{04623ADF-43D6-4EDF-A1DB-E4A6DF5E3C05}"
EndProject
Project("{FAE04EC0-301F-11D3-BF4B-00C04F79EFBC}") = "8.ReplaceOnlyWholeWords", "8.ReplaceOnlyWholeWords\8.ReplaceOnlyWholeWords.csproj", "{BB83282C-5753-4F70-9530-1DD49B9D31CB}"
EndProject
Project("{FAE04EC0-301F-11D3-BF4B-00C04F79EFBC}") = "9.DeletesOddLines", "9.DeletesFrom given text file\9.DeletesOddLines.csproj", "{F1D33021-6AED-4E04-A1B8-63CD8A93F73F}"
EndProject
Global
	GlobalSection(SolutionConfigurationPlatforms) = preSolution
		Debug|x86 = Debug|x86
		Release|x86 = Release|x86
	EndGlobalSection
	GlobalSection(ProjectConfigurationPlatforms) = postSolution
		{B2E8144D-C86D-4F03-8B5D-9A36A4CE05E5}.Debug|x86.ActiveCfg = Debug|x86
		{B2E8144D-C86D-4F03-8B5D-9A36A4CE05E5}.Debug|x86.Build.0 = Debug|x86
		{B2E8144D-C86D-4F03-8B5D-9A36A4CE05E5}.Release|x86.ActiveCfg = Release|x86
		{B2E8144D-C86D-4F03-8B5D-9A36A4CE05E5}.Release|x86.Build.0 = Release|x86
		{2ADFD463-59DE-4A5B-91F4-2BBCC98DBE49}.Debug|x86.ActiveCfg = Debug|x86
		{2ADFD463-59DE-4A5B-91F4-2BBCC98DBE49}.Debug|x86.Build.0 = Debug|x86
		{2ADFD463-59DE-4A5B-91F4-2BBCC98DBE49}.Release|x86.ActiveCfg = Release|x86
		{2ADFD463-59DE-4A5B-91F4-2BBCC98DBE49}.Release|x86.Build.0 = Release|x86
		{8F8B81CF-6132-4C54-884B-7A084E4265DC}.Debug|x86.ActiveCfg = Debug|x86
		{8F8B81CF-6132-4C54-884B-7A084E4265DC}.Debug|x86.Build.0 = Debug|x86
		{8F8B81CF-6132-4C54-884B-7A084E4265DC}.Release|x86.ActiveCfg = Release|x86
		{8F8B81CF-6132-4C54-884B-7A084E4265DC}.Release|x86.Build.0 = Release|x86
		{F97CD8CD-9640-486C-8C52-0AA84E73080B}.Debug|x86.ActiveCfg = Debug|x86
		{F97CD8CD-9640-486C-8C52-0AA84E73080B}.Debug|x86.Build.0 = Debug|x86
		{F97CD8CD-9640-486C-8C52-0AA84E73080B}.Release|x86.ActiveCfg = Release|x86
		{F97CD8CD-9640-486C-8C52-0AA84E73080B}.Release|x86.Build.0 = Release|x86
		{48A5A74F-CE12-4C63-9420-72C8FADECDB8}.Debug|x86.ActiveCfg = Debug|x86
		{48A5A74F-CE12-4C63-9420-72C8FADECDB8}.Debug|x86.Build.0 = Debug|x86
		{48A5A74F-CE12-4C63-9420-72C8FADECDB8}.Release|x86.ActiveCfg = Release|x86
		{48A5A74F-CE12-4C63-9420-72C8FADECDB8}.Release|x86.Build.0 = Release|x86
		{B59D8EA0-F7BF-43B8-9748-A179D1B2C8F8}.Debug|x86.ActiveCfg = Debug|x86
		{B59D8EA0-F7BF-43B8-9748-A179D1B2C8F8}.Debug|x86.Build.0 = Debug|x86
		{B59D8EA0-F7BF-43B8-9748-A179D1B2C8F8}.Release|x86.ActiveCfg = Release|x86
		{B59D8EA0-F7BF-43B8-9748-A179D1B2C8F8}.Release|x86.Build.0 = Release|x86
		{04623ADF-43D6-4EDF-A1DB-E4A6DF5E3C05}.Debug|x86.ActiveCfg = Debug|x86
		{04623ADF-43D6-4EDF-A1DB-E4A6DF5E3C05}.Debug|x86.Build.0 = Debug|x86
		{04623ADF-43D6-4EDF-A1DB-E4A6DF5E3C05}.Release|x86.ActiveCfg = Release|x86
		{04623ADF-43D6-4EDF-A1DB-E4A6DF5E3C05}.Release|x86.Build.0 = Release|x86
		{BB83282C-5753-4F70-9530-1DD49B9D31CB}.Debug|x86.ActiveCfg = Debug|x86
		{BB83282C-5753-4F70-9530-1DD49B9D31CB}.Debug|x86.Build.0 = Debug|x86
		{BB83282C-5753-4F70-9530-1DD49B9D31CB}.Release|x86.ActiveCfg = Release|x86
		{BB83282C-5753-4F70-9530-1DD49B9D31CB}.Release|x86.Build.0 = Release|x86
		{F1D33021-6AED-4E04-A1B8-63CD8A93F73F}.Debug|x86.ActiveCfg = Debug|x86
		{F1D33021-6AED-4E04-A1B8-63CD8A93F73F}.Debug|x86.Build.0 = Debug|x86
		{F1D33021-6AED-4E04-A1B8-63CD8A93F73F}.Release|x86.ActiveCfg = Release|x86
		{F1D33021-6AED-4E04-A1B8-63CD8A93F73F}.Release|x86.Build.0 = Release|x86
	EndGlobalSection
	GlobalSection(SolutionProperties) = preSolution
		HideSolutionNode = FALSE
	EndGlobalSection
EndGlobal
